// !$*UTF8*$!
{
	archiveVersion = 1;
	classes = {
	};
	objectVersion = 46;
	objects = {

/* Begin PBXBuildFile section */
		483F8C981BFBC9530025186D /* Car.cpp in Sources */ = {isa = PBXBuildFile; fileRef = 483F8C971BFBC9530025186D /* Car.cpp */; };
		48FAF42F1BFA777F00A8D441 /* main.cpp in Sources */ = {isa = PBXBuildFile; fileRef = 48FAF42E1BFA777F00A8D441 /* main.cpp */; };
/* End PBXBuildFile section */

/* Begin PBXCopyFilesBuildPhase section */
		48FAF4291BFA777F00A8D441 /* CopyFiles */ = {
			isa = PBXCopyFilesBuildPhase;
			buildActionMask = 2147483647;
			dstPath = /usr/share/man/man1/;
			dstSubfolderSpec = 0;
			files = (
			);
			runOnlyForDeploymentPostprocessing = 1;
		};
/* End PBXCopyFilesBuildPhase section */

/* Begin PBXFileReference section */
		483F8C961BFBC9530025186D /* Car.h */ = {isa = PBXFileReference; fileEncoding = 4; lastKnownFileType = sourcecode.c.h; path = Car.h; sourceTree = "<group>"; };
		483F8C971BFBC9530025186D /* Car.cpp */ = {isa = PBXFileReference; fileEncoding = 4; lastKnownFileType = sourcecode.cpp.cpp; path = Car.cpp; sourceTree = "<group>"; };
		48FAF42B1BFA777F00A8D441 /* Car Dealership */ = {isa = PBXFileReference; explicitFileType = "compiled.mach-o.executable"; includeInIndex = 0; path = "Car Dealership"; sourceTree = BUILT_PRODUCTS_DIR; };
		48FAF42E1BFA777F00A8D441 /* main.cpp */ = {isa = PBXFileReference; lastKnownFileType = sourcecode.cpp.cpp; path = main.cpp; sourceTree = "<group>"; };
/* End PBXFileReference section */

/* Begin PBXFrameworksBuildPhase section */
		48FAF4281BFA777F00A8D441 /* Frameworks */ = {
			isa = PBXFrameworksBuildPhase;
			buildActionMask = 2147483647;
			files = (
			);
			runOnlyForDeploymentPostprocessing = 0;
		};
/* End PBXFrameworksBuildPhase section */

/* Begin PBXGroup section */
		48FAF4221BFA777F00A8D441 = {
			isa = PBXGroup;
			children = (
				48FAF42D1BFA777F00A8D441 /* Car Dealership */,
				48FAF42C1BFA777F00A8D441 /* Products */,
			);
			sourceTree = "<group>";
		};
		48FAF42C1BFA777F00A8D441 /* Products */ = {
			isa = PBXGroup;
			children = (
				48FAF42B1BFA777F00A8D441 /* Car Dealership */,
			);
			name = Products;
			sourceTree = "<group>";
		};
		48FAF42D1BFA777F00A8D441 /* Car Dealership */ = {
			isa = PBXGroup;
			children = (
				48FAF42E1BFA777F00A8D441 /* main.cpp */,
				483F8C961BFBC9530025186D /* Car.h */,
				483F8C971BFBC9530025186D /* Car.cpp */,
			);
			path = "Car Dealership";
			sourceTree = "<group>";
		};
/* End PBXGroup section */

/* Begin PBXNativeTarget section */
		48FAF42A1BFA777F00A8D441 /* Car Dealership */ = {
			isa = PBXNativeTarget;
			buildConfigurationList = 48FAF4321BFA777F00A8D441 /* Build configuration list for PBXNativeTarget "Car Dealership" */;
			buildPhases = (
				48FAF4271BFA777F00A8D441 /* Sources */,
				48FAF4281BFA777F00A8D441 /* Frameworks */,
				48FAF4291BFA777F00A8D441 /* CopyFiles */,
			);
			buildRules = (
			);
			dependencies = (
			);
			name = "Car Dealership";
			productName = "Car Dealership";
			productReference = 48FAF42B1BFA777F00A8D441 /* Car Dealership */;
			productType = "com.apple.product-type.tool";
		};
/* End PBXNativeTarget section */

/* Begin PBXProject section */
		48FAF4231BFA777F00A8D441 /* Project object */ = {
			isa = PBXProject;
			attributes = {
				LastUpgradeCheck = 0710;
				ORGANIZATIONNAME = "Andre Carrera";
				TargetAttributes = {
					48FAF42A1BFA777F00A8D441 = {
						CreatedOnToolsVersion = 7.1;
					};
				};
			};
			buildConfigurationList = 48FAF4261BFA777F00A8D441 /* Build configuration list for PBXProject "Car Dealership" */;
			compatibilityVersion = "Xcode 3.2";
			developmentRegion = English;
			hasScannedForEncodings = 0;
			knownRegions = (
				en,
			);
			mainGroup = 48FAF4221BFA777F00A8D441;
			productRefGroup = 48FAF42C1BFA777F00A8D441 /* Products */;
			projectDirPath = "";
			projectRoot = "";
			targets = (
				48FAF42A1BFA777F00A8D441 /* Car Dealership */,
			);
		};
/* End PBXProject section */

/* Begin PBXSourcesBuildPhase section */
		48FAF4271BFA777F00A8D441 /* Sources */ = {
			isa = PBXSourcesBuildPhase;
			buildActionMask = 2147483647;
			files = (
				483F8C981BFBC9530025186D /* Car.cpp in Sources */,
				48FAF42F1BFA777F00A8D441 /* main.cpp in Sources */,
			);
			runOnlyForDeploymentPostprocessing = 0;
		};
/* End PBXSourcesBuildPhase section */

/* Begin XCBuildConfiguration section */
		48FAF4301BFA777F00A8D441 /* Debug */ = {
			isa = XCBuildConfiguration;
			buildSettings = {
				ALWAYS_SEARCH_USER_PATHS = NO;
				CLANG_CXX_LANGUAGE_STANDARD = "gnu++0x";
				CLANG_CXX_LIBRARY = "libc++";
				CLANG_ENABLE_MODULES = YES;
				CLANG_ENABLE_OBJC_ARC = YES;
				CLANG_WARN_BOOL_CONVERSION = YES;
				CLANG_WARN_CONSTANT_CONVERSION = YES;
				CLANG_WARN_DIRECT_OBJC_ISA_USAGE = YES_ERROR;
				CLANG_WARN_EMPTY_BODY = YES;
				CLANG_WARN_ENUM_CONVERSION = YES;
				CLANG_WARN_INT_CONVERSION = YES;
				CLANG_WARN_OBJC_ROOT_CLASS = YES_ERROR;
				CLANG_WARN_UNREACHABLE_CODE = YES;
				CLANG_WARN__DUPLICATE_METHOD_MATCH = YES;
				CODE_SIGN_IDENTITY = "-";
				COPY_PHASE_STRIP = NO;
				DEBUG_INFORMATION_FORMAT = dwarf;
				ENABLE_STRICT_OBJC_MSGSEND = YES;
				ENABLE_TESTABILITY = YES;
				GCC_C_LANGUAGE_STANDARD = gnu99;
				GCC_DYNAMIC_NO_PIC = NO;
				GCC_NO_COMMON_BLOCKS = YES;
				GCC_OPTIMIZATION_LEVEL = 0;
				GCC_PREPROCESSOR_DEFINITIONS = (
					"DEBUG=1",
					"$(inherited)",
				);
				GCC_WARN_64_TO_32_BIT_CONVERSION = YES;
				GCC_WARN_ABOUT_RETURN_TYPE = YES_ERROR;
				GCC_WARN_UNDECLARED_SELECTOR = YES;
				GCC_WARN_UNINITIALIZED_AUTOS = YES_AGGRESSIVE;
				GCC_WARN_UNUSED_FUNCTION = YES;
				GCC_WARN_UNUSED_VARIABLE = YES;
				MACOSX_DEPLOYMENT_TARGET = 10.11;
				MTL_ENABLE_DEBUG_INFO = YES;
				ONLY_ACTIVE_ARCH = YES;
				SDKROOT = macosx;
			};
			name = Debug;
		};
		48FAF4311BFA777F00A8D441 /* Release */ = {
			isa = XCBuildConfiguration;
			buildSettings = {
				ALWAYS_SEARCH_USER_PATHS = NO;
				CLANG_CXX_LANGUAGE_STANDARD = "gnu++0x";
				CLANG_CXX_LIBRARY = "libc++";
				CLANG_ENABLE_MODULES = YES;
				CLANG_ENABLE_OBJC_ARC = YES;
				CLANG_WARN_BOOL_CONVERSION = YES;
				CLANG_WARN_CONSTANT_CONVERSION = YES;
				CLANG_WARN_DIRECT_OBJC_ISA_USAGE = YES_ERROR;
				CLANG_WARN_EMPTY_BODY = YES;
				CLANG_WARN_ENUM_CONVERSION = YES;
				CLANG_WARN_INT_CONVERSION = YES;
				CLANG_WARN_OBJC_ROOT_CLASS = YES_ERROR;
				CLANG_WARN_UNREACHABLE_CODE = YES;
				CLANG_WARN__DUPLICATE_METHOD_MATCH = YES;
				CODE_SIGN_IDENTITY = "-";
				COPY_PHASE_STRIP = NO;
				DEBUG_INFORMATION_FORMAT = "dwarf-with-dsym";
				ENABLE_NS_ASSERTIONS = NO;
				ENABLE_STRICT_OBJC_MSGSEND = YES;
				GCC_C_LANGUAGE_STANDARD = gnu99;
				GCC_NO_COMMON_BLOCKS = YES;
				GCC_WARN_64_TO_32_BIT_CONVERSION = YES;
				GCC_WARN_ABOUT_RETURN_TYPE = YES_ERROR;
				GCC_WARN_UNDECLARED_SELECTOR = YES;
				GCC_WARN_UNINITIALIZED_AUTOS = YES_AGGRESSIVE;
				GCC_WARN_UNUSED_FUNCTION = YES;
				GCC_WARN_UNUSED_VARIABLE = YES;
				MACOSX_DEPLOYMENT_TARGET = 10.11;
				MTL_ENABLE_DEBUG_INFO = NO;
				SDKROOT = macosx;
			};
			name = Release;
		};
		48FAF4331BFA777F00A8D441 /* Debug */ = {
			isa = XCBuildConfiguration;
			buildSettings = {
				PRODUCT_NAME = "$(TARGET_NAME)";
			};
			name = Debug;
		};
		48FAF4341BFA777F00A8D441 /* Release */ = {
			isa = XCBuildConfiguration;
			buildSettings = {
				PRODUCT_NAME = "$(TARGET_NAME)";
			};
			name = Release;
		};
/* End XCBuildConfiguration section */

/* Begin XCConfigurationList section */
		48FAF4261BFA777F00A8D441 /* Build configuration list for PBXProject "Car Dealership" */ = {
			isa = XCConfigurationList;
			buildConfigurations = (
				48FAF4301BFA777F00A8D441 /* Debug */,
				48FAF4311BFA777F00A8D441 /* Release */,
			);
			defaultConfigurationIsVisible = 0;
			defaultConfigurationName = Release;
		};
		48FAF4321BFA777F00A8D441 /* Build configuration list for PBXNativeTarget "Car Dealership" */ = {
			isa = XCConfigurationList;
			buildConfigurations = (
				48FAF4331BFA777F00A8D441 /* Debug */,
				48FAF4341BFA777F00A8D441 /* Release */,
			);
			defaultConfigurationIsVisible = 0;
			defaultConfigurationName = Release;
		};
/* End XCConfigurationList section */
	};
	rootObject = 48FAF4231BFA777F00A8D441 /* Project object */;
}
